
Microsoft Visual Studio Solution File, Format Version 12.00
# Visual Studio Version 16
VisualStudioVersion = 16.0.29025.244
MinimumVisualStudioVersion = 10.0.40219.1
Project("{9A19103F-16F7-4668-BE54-9A1E7A4F7556}") = "Janono.WindowsAzure.Storage.Table", "Janono.WindowsAzure.Storage.Table\Janono.WindowsAzure.Storage.Table.csproj", "{54DAD73D-B1F6-447F-B050-3B9F0E749DD4}"
EndProject
Project("{2150E333-8FDC-42A3-9474-1A3956D46DE8}") = "src", "src", "{594FE8D8-DF57-4C28-BDA3-C4D7EEC147B0}"
EndProject
Global
	GlobalSection(SolutionConfigurationPlatforms) = preSolution
		Debug|Any CPU = Debug|Any CPU
		Release|Any CPU = Release|Any CPU
	EndGlobalSection
	GlobalSection(ProjectConfigurationPlatforms) = postSolution
		{54DAD73D-B1F6-447F-B050-3B9F0E749DD4}.Debug|Any CPU.ActiveCfg = Debug|Any CPU
		{54DAD73D-B1F6-447F-B050-3B9F0E749DD4}.Debug|Any CPU.Build.0 = Debug|Any CPU
		{54DAD73D-B1F6-447F-B050-3B9F0E749DD4}.Release|Any CPU.ActiveCfg = Release|Any CPU
		{54DAD73D-B1F6-447F-B050-3B9F0E749DD4}.Release|Any CPU.Build.0 = Release|Any CPU
	EndGlobalSection
	GlobalSection(SolutionProperties) = preSolution
		HideSolutionNode = FALSE
	EndGlobalSection
	GlobalSection(NestedProjects) = preSolution
		{54DAD73D-B1F6-447F-B050-3B9F0E749DD4} = {594FE8D8-DF57-4C28-BDA3-C4D7EEC147B0}
	EndGlobalSection
	GlobalSection(ExtensibilityGlobals) = postSolution
		SolutionGuid = {8C53756C-F33B-4E71-9A76-8C2FB2EADE64}
	EndGlobalSection
EndGlobal
